
Microsoft Visual Studio Solution File, Format Version 12.00
# Visual Studio Version 16
VisualStudioVersion = 16.0.29215.179
MinimumVisualStudioVersion = 10.0.40219.1
Project("{FAE04EC0-301F-11D3-BF4B-00C04F79EFBC}") = "PubLab", "PubLab\PubLab.csproj", "{BF6659C7-7E22-457A-893B-E71B535E566E}"
EndProject
Global
	GlobalSection(SolutionConfigurationPlatforms) = preSolution
		Debug|Any CPU = Debug|Any CPU
		Release|Any CPU = Release|Any CPU
	EndGlobalSection
	GlobalSection(ProjectConfigurationPlatforms) = postSolution
		{BF6659C7-7E22-457A-893B-E71B535E566E}.Debug|Any CPU.ActiveCfg = Debug|Any CPU
		{BF6659C7-7E22-457A-893B-E71B535E566E}.Debug|Any CPU.Build.0 = Debug|Any CPU
		{BF6659C7-7E22-457A-893B-E71B535E566E}.Release|Any CPU.ActiveCfg = Release|Any CPU
		{BF6659C7-7E22-457A-893B-E71B535E566E}.Release|Any CPU.Build.0 = Release|Any CPU
	EndGlobalSection
	GlobalSection(SolutionProperties) = preSolution
		HideSolutionNode = FALSE
	EndGlobalSection
	GlobalSection(ExtensibilityGlobals) = postSolution
		SolutionGuid = {F2A71F8E-2BF6-4CD8-B4E2-C570C83733E3}
	EndGlobalSection
EndGlobal
